
Microsoft Visual Studio Solution File, Format Version 12.00
# Visual Studio Version 16
VisualStudioVersion = 16.0.30114.105
MinimumVisualStudioVersion = 10.0.40219.1
Project("{2150E333-8FDC-42A3-9474-1A3956D46DE8}") = "src", "src", "{88F1C151-05C7-40D3-9612-616CA403C086}"
EndProject
Project("{2150E333-8FDC-42A3-9474-1A3956D46DE8}") = "tests", "tests", "{EE85654B-A7D2-4EC0-A716-EBE7A513B923}"
EndProject
Project("{9A19103F-16F7-4668-BE54-9A1E7A4F7556}") = "AspNetCore.MailKitMailer", "src\AspNetCore.MailKitMailer\AspNetCore.MailKitMailer.csproj", "{FAB4C39F-9320-401B-8254-AA5BDDDE10FA}"
EndProject
Project("{2150E333-8FDC-42A3-9474-1A3956D46DE8}") = "examples", "examples", "{B8931562-BA22-4378-B15E-0216EB401F9B}"
EndProject
Project("{9A19103F-16F7-4668-BE54-9A1E7A4F7556}") = "MailKitMailerExample", "examples\MailKitMailerExample\MailKitMailerExample.csproj", "{E8863C61-2F49-45C1-8EB5-7D0935FFF781}"
EndProject
Project("{9A19103F-16F7-4668-BE54-9A1E7A4F7556}") = "AspNetCore.MailKitMailerTests", "tests\AspNetCore.MailKitMailerTests\AspNetCore.MailKitMailerTests.csproj", "{F3C9B493-C2CE-4A65-A2F7-55731209ABB6}"
EndProject
Project("{2150E333-8FDC-42A3-9474-1A3956D46DE8}") = "test-apps", "test-apps", "{42D67F5D-AE3F-4CC6-9100-D12D94FB001F}"
EndProject
Project("{9A19103F-16F7-4668-BE54-9A1E7A4F7556}") = "IntegrationTestsWebApp", "tests\Test-Apps\IntegrationTestsWebApp\IntegrationTestsWebApp.csproj", "{52E5B5CA-4061-40C0-B2DD-C5B56212B72B}"
EndProject
Project("{FAE04EC0-301F-11D3-BF4B-00C04F79EFBC}") = "AspNetCore.MailKitMailerIntegrationTests", "tests\AspNetCore.MailKitMailerIntegrationTests\AspNetCore.MailKitMailerIntegrationTests.csproj", "{1BED8992-A364-41C4-8792-DF66A9D189EA}"
EndProject
Global
	GlobalSection(SolutionConfigurationPlatforms) = preSolution
		Debug|Any CPU = Debug|Any CPU
		Debug|x64 = Debug|x64
		Debug|x86 = Debug|x86
		Release|Any CPU = Release|Any CPU
		Release|x64 = Release|x64
		Release|x86 = Release|x86
	EndGlobalSection
	GlobalSection(ProjectConfigurationPlatforms) = postSolution
		{FAB4C39F-9320-401B-8254-AA5BDDDE10FA}.Debug|Any CPU.ActiveCfg = Debug|Any CPU
		{FAB4C39F-9320-401B-8254-AA5BDDDE10FA}.Debug|Any CPU.Build.0 = Debug|Any CPU
		{FAB4C39F-9320-401B-8254-AA5BDDDE10FA}.Debug|x64.ActiveCfg = Debug|Any CPU
		{FAB4C39F-9320-401B-8254-AA5BDDDE10FA}.Debug|x64.Build.0 = Debug|Any CPU
		{FAB4C39F-9320-401B-8254-AA5BDDDE10FA}.Debug|x86.ActiveCfg = Debug|Any CPU
		{FAB4C39F-9320-401B-8254-AA5BDDDE10FA}.Debug|x86.Build.0 = Debug|Any CPU
		{FAB4C39F-9320-401B-8254-AA5BDDDE10FA}.Release|Any CPU.ActiveCfg = Release|Any CPU
		{FAB4C39F-9320-401B-8254-AA5BDDDE10FA}.Release|Any CPU.Build.0 = Release|Any CPU
		{FAB4C39F-9320-401B-8254-AA5BDDDE10FA}.Release|x64.ActiveCfg = Release|Any CPU
		{FAB4C39F-9320-401B-8254-AA5BDDDE10FA}.Release|x64.Build.0 = Release|Any CPU
		{FAB4C39F-9320-401B-8254-AA5BDDDE10FA}.Release|x86.ActiveCfg = Release|Any CPU
		{FAB4C39F-9320-401B-8254-AA5BDDDE10FA}.Release|x86.Build.0 = Release|Any CPU
		{E8863C61-2F49-45C1-8EB5-7D0935FFF781}.Debug|Any CPU.ActiveCfg = Debug|Any CPU
		{E8863C61-2F49-45C1-8EB5-7D0935FFF781}.Debug|Any CPU.Build.0 = Debug|Any CPU
		{E8863C61-2F49-45C1-8EB5-7D0935FFF781}.Debug|x64.ActiveCfg = Debug|Any CPU
		{E8863C61-2F49-45C1-8EB5-7D0935FFF781}.Debug|x64.Build.0 = Debug|Any CPU
		{E8863C61-2F49-45C1-8EB5-7D0935FFF781}.Debug|x86.ActiveCfg = Debug|Any CPU
		{E8863C61-2F49-45C1-8EB5-7D0935FFF781}.Debug|x86.Build.0 = Debug|Any CPU
		{E8863C61-2F49-45C1-8EB5-7D0935FFF781}.Release|Any CPU.ActiveCfg = Release|Any CPU
		{E8863C61-2F49-45C1-8EB5-7D0935FFF781}.Release|Any CPU.Build.0 = Release|Any CPU
		{E8863C61-2F49-45C1-8EB5-7D0935FFF781}.Release|x64.ActiveCfg = Release|Any CPU
		{E8863C61-2F49-45C1-8EB5-7D0935FFF781}.Release|x64.Build.0 = Release|Any CPU
		{E8863C61-2F49-45C1-8EB5-7D0935FFF781}.Release|x86.ActiveCfg = Release|Any CPU
		{E8863C61-2F49-45C1-8EB5-7D0935FFF781}.Release|x86.Build.0 = Release|Any CPU
		{F3C9B493-C2CE-4A65-A2F7-55731209ABB6}.Debug|Any CPU.ActiveCfg = Debug|Any CPU
		{F3C9B493-C2CE-4A65-A2F7-55731209ABB6}.Debug|Any CPU.Build.0 = Debug|Any CPU
		{F3C9B493-C2CE-4A65-A2F7-55731209ABB6}.Debug|x64.ActiveCfg = Debug|Any CPU
		{F3C9B493-C2CE-4A65-A2F7-55731209ABB6}.Debug|x64.Build.0 = Debug|Any CPU
		{F3C9B493-C2CE-4A65-A2F7-55731209ABB6}.Debug|x86.ActiveCfg = Debug|Any CPU
		{F3C9B493-C2CE-4A65-A2F7-55731209ABB6}.Debug|x86.Build.0 = Debug|Any CPU
		{F3C9B493-C2CE-4A65-A2F7-55731209ABB6}.Release|Any CPU.ActiveCfg = Release|Any CPU
		{F3C9B493-C2CE-4A65-A2F7-55731209ABB6}.Release|Any CPU.Build.0 = Release|Any CPU
		{F3C9B493-C2CE-4A65-A2F7-55731209ABB6}.Release|x64.ActiveCfg = Release|Any CPU
		{F3C9B493-C2CE-4A65-A2F7-55731209ABB6}.Release|x64.Build.0 = Release|Any CPU
		{F3C9B493-C2CE-4A65-A2F7-55731209ABB6}.Release|x86.ActiveCfg = Release|Any CPU
		{F3C9B493-C2CE-4A65-A2F7-55731209ABB6}.Release|x86.Build.0 = Release|Any CPU
		{52E5B5CA-4061-40C0-B2DD-C5B56212B72B}.Debug|Any CPU.ActiveCfg = Debug|Any CPU
		{52E5B5CA-4061-40C0-B2DD-C5B56212B72B}.Debug|Any CPU.Build.0 = Debug|Any CPU
		{52E5B5CA-4061-40C0-B2DD-C5B56212B72B}.Debug|x64.ActiveCfg = Debug|Any CPU
		{52E5B5CA-4061-40C0-B2DD-C5B56212B72B}.Debug|x64.Build.0 = Debug|Any CPU
		{52E5B5CA-4061-40C0-B2DD-C5B56212B72B}.Debug|x86.ActiveCfg = Debug|Any CPU
		{52E5B5CA-4061-40C0-B2DD-C5B56212B72B}.Debug|x86.Build.0 = Debug|Any CPU
		{52E5B5CA-4061-40C0-B2DD-C5B56212B72B}.Release|Any CPU.ActiveCfg = Release|Any CPU
		{52E5B5CA-4061-40C0-B2DD-C5B56212B72B}.Release|Any CPU.Build.0 = Release|Any CPU
		{52E5B5CA-4061-40C0-B2DD-C5B56212B72B}.Release|x64.ActiveCfg = Release|Any CPU
		{52E5B5CA-4061-40C0-B2DD-C5B56212B72B}.Release|x64.Build.0 = Release|Any CPU
		{52E5B5CA-4061-40C0-B2DD-C5B56212B72B}.Release|x86.ActiveCfg = Release|Any CPU
		{52E5B5CA-4061-40C0-B2DD-C5B56212B72B}.Release|x86.Build.0 = Release|Any CPU
		{1BED8992-A364-41C4-8792-DF66A9D189EA}.Debug|Any CPU.ActiveCfg = Debug|Any CPU
		{1BED8992-A364-41C4-8792-DF66A9D189EA}.Debug|Any CPU.Build.0 = Debug|Any CPU
		{1BED8992-A364-41C4-8792-DF66A9D189EA}.Debug|x64.ActiveCfg = Debug|Any CPU
		{1BED8992-A364-41C4-8792-DF66A9D189EA}.Debug|x64.Build.0 = Debug|Any CPU
		{1BED8992-A364-41C4-8792-DF66A9D189EA}.Debug|x86.ActiveCfg = Debug|Any CPU
		{1BED8992-A364-41C4-8792-DF66A9D189EA}.Debug|x86.Build.0 = Debug|Any CPU
		{1BED8992-A364-41C4-8792-DF66A9D189EA}.Release|Any CPU.ActiveCfg = Release|Any CPU
		{1BED8992-A364-41C4-8792-DF66A9D189EA}.Release|Any CPU.Build.0 = Release|Any CPU
		{1BED8992-A364-41C4-8792-DF66A9D189EA}.Release|x64.ActiveCfg = Release|Any CPU
		{1BED8992-A364-41C4-8792-DF66A9D189EA}.Release|x64.Build.0 = Release|Any CPU
		{1BED8992-A364-41C4-8792-DF66A9D189EA}.Release|x86.ActiveCfg = Release|Any CPU
		{1BED8992-A364-41C4-8792-DF66A9D189EA}.Release|x86.Build.0 = Release|Any CPU
	EndGlobalSection
	GlobalSection(SolutionProperties) = preSolution
		HideSolutionNode = FALSE
	EndGlobalSection
	GlobalSection(NestedProjects) = preSolution
		{FAB4C39F-9320-401B-8254-AA5BDDDE10FA} = {88F1C151-05C7-40D3-9612-616CA403C086}
		{E8863C61-2F49-45C1-8EB5-7D0935FFF781} = {B8931562-BA22-4378-B15E-0216EB401F9B}
		{F3C9B493-C2CE-4A65-A2F7-55731209ABB6} = {EE85654B-A7D2-4EC0-A716-EBE7A513B923}
		{42D67F5D-AE3F-4CC6-9100-D12D94FB001F} = {EE85654B-A7D2-4EC0-A716-EBE7A513B923}
		{52E5B5CA-4061-40C0-B2DD-C5B56212B72B} = {42D67F5D-AE3F-4CC6-9100-D12D94FB001F}
		{1BED8992-A364-41C4-8792-DF66A9D189EA} = {EE85654B-A7D2-4EC0-A716-EBE7A513B923}
	EndGlobalSection
	GlobalSection(ExtensibilityGlobals) = postSolution
		SolutionGuid = {6ECC992B-EE17-4D3E-88C6-F268545B546B}
	EndGlobalSection
EndGlobal
